{
  "name": "miniprogram-kindergarten",
  "version": "1.0.0",
  "lockfileVersion": 1,
  "requires": true,
  "dependencies": {
    "pinyin-match": {
      "version": "1.0.9",
      "resolved": "https://registry.npmjs.org/pinyin-match/-/pinyin-match-1.0.9.tgz",
      "integrity": "sha512-3N3gdgKEElSDgZ8wu47wqvGOqMQvGjwK1eKdsMQDdbHrVBBo10KEgcFGMW9FIgrqHcdMRAB4+tj8irWCRznHJA=="
    }
  }
}
